
Microsoft Visual Studio Solution File, Format Version 12.00
# Visual Studio Version 17
VisualStudioVersion = 17.7.34031.279
MinimumVisualStudioVersion = 10.0.40219.1
Project("{FAE04EC0-301F-11D3-BF4B-00C04F79EFBC}") = "CleanArchMvc.Domain", "CleanArchMvc.Domain\CleanArchMvc.Domain.csproj", "{54927F9F-2C72-4C10-9A05-2FB36AD2CAC6}"
EndProject
Project("{FAE04EC0-301F-11D3-BF4B-00C04F79EFBC}") = "CleanArchMvc.Application", "CleanArchMvc.Application\CleanArchMvc.Application.csproj", "{6ACB7C74-6B57-4BFB-8DAF-4949D3F2EE9E}"
EndProject
Project("{FAE04EC0-301F-11D3-BF4B-00C04F79EFBC}") = "CleanArchMvc.Infra.Data", "CleanArchMvc.Infra.Data\CleanArchMvc.Infra.Data.csproj", "{3C8D9359-3FA4-4D27-B8A8-4BB25F349E29}"
EndProject
Project("{FAE04EC0-301F-11D3-BF4B-00C04F79EFBC}") = "CleanArchMvc.Infra.Ioc", "CleanArchMvc.Infra.Ioc\CleanArchMvc.Infra.Ioc.csproj", "{F155B847-866B-4A3A-A8CD-F4B1B79DDCBD}"
EndProject
Project("{FAE04EC0-301F-11D3-BF4B-00C04F79EFBC}") = "CleanArchMvc.WebUI", "CleanArchMvc.WebUI\CleanArchMvc.WebUI.csproj", "{7A79FFF0-67C5-4389-BA4A-372DB4AF1633}"
EndProject
Project("{FAE04EC0-301F-11D3-BF4B-00C04F79EFBC}") = "CleanArchMvc.Domain.Tests", "CleanArchMvc.Domain.Tests\CleanArchMvc.Domain.Tests.csproj", "{0D69A173-CC8E-4BDC-9565-939E2EB99064}"
EndProject
Global
	GlobalSection(SolutionConfigurationPlatforms) = preSolution
		Debug|Any CPU = Debug|Any CPU
		Release|Any CPU = Release|Any CPU
	EndGlobalSection
	GlobalSection(ProjectConfigurationPlatforms) = postSolution
		{54927F9F-2C72-4C10-9A05-2FB36AD2CAC6}.Debug|Any CPU.ActiveCfg = Debug|Any CPU
		{54927F9F-2C72-4C10-9A05-2FB36AD2CAC6}.Debug|Any CPU.Build.0 = Debug|Any CPU
		{54927F9F-2C72-4C10-9A05-2FB36AD2CAC6}.Release|Any CPU.ActiveCfg = Release|Any CPU
		{54927F9F-2C72-4C10-9A05-2FB36AD2CAC6}.Release|Any CPU.Build.0 = Release|Any CPU
		{6ACB7C74-6B57-4BFB-8DAF-4949D3F2EE9E}.Debug|Any CPU.ActiveCfg = Debug|Any CPU
		{6ACB7C74-6B57-4BFB-8DAF-4949D3F2EE9E}.Debug|Any CPU.Build.0 = Debug|Any CPU
		{6ACB7C74-6B57-4BFB-8DAF-4949D3F2EE9E}.Release|Any CPU.ActiveCfg = Release|Any CPU
		{6ACB7C74-6B57-4BFB-8DAF-4949D3F2EE9E}.Release|Any CPU.Build.0 = Release|Any CPU
		{3C8D9359-3FA4-4D27-B8A8-4BB25F349E29}.Debug|Any CPU.ActiveCfg = Debug|Any CPU
		{3C8D9359-3FA4-4D27-B8A8-4BB25F349E29}.Debug|Any CPU.Build.0 = Debug|Any CPU
		{3C8D9359-3FA4-4D27-B8A8-4BB25F349E29}.Release|Any CPU.ActiveCfg = Release|Any CPU
		{3C8D9359-3FA4-4D27-B8A8-4BB25F349E29}.Release|Any CPU.Build.0 = Release|Any CPU
		{F155B847-866B-4A3A-A8CD-F4B1B79DDCBD}.Debug|Any CPU.ActiveCfg = Debug|Any CPU
		{F155B847-866B-4A3A-A8CD-F4B1B79DDCBD}.Debug|Any CPU.Build.0 = Debug|Any CPU
		{F155B847-866B-4A3A-A8CD-F4B1B79DDCBD}.Release|Any CPU.ActiveCfg = Release|Any CPU
		{F155B847-866B-4A3A-A8CD-F4B1B79DDCBD}.Release|Any CPU.Build.0 = Release|Any CPU
		{7A79FFF0-67C5-4389-BA4A-372DB4AF1633}.Debug|Any CPU.ActiveCfg = Debug|Any CPU
		{7A79FFF0-67C5-4389-BA4A-372DB4AF1633}.Debug|Any CPU.Build.0 = Debug|Any CPU
		{7A79FFF0-67C5-4389-BA4A-372DB4AF1633}.Release|Any CPU.ActiveCfg = Release|Any CPU
		{7A79FFF0-67C5-4389-BA4A-372DB4AF1633}.Release|Any CPU.Build.0 = Release|Any CPU
		{0D69A173-CC8E-4BDC-9565-939E2EB99064}.Debug|Any CPU.ActiveCfg = Debug|Any CPU
		{0D69A173-CC8E-4BDC-9565-939E2EB99064}.Debug|Any CPU.Build.0 = Debug|Any CPU
		{0D69A173-CC8E-4BDC-9565-939E2EB99064}.Release|Any CPU.ActiveCfg = Release|Any CPU
		{0D69A173-CC8E-4BDC-9565-939E2EB99064}.Release|Any CPU.Build.0 = Release|Any CPU
	EndGlobalSection
	GlobalSection(SolutionProperties) = preSolution
		HideSolutionNode = FALSE
	EndGlobalSection
	GlobalSection(ExtensibilityGlobals) = postSolution
		SolutionGuid = {1E5DC839-002E-44BF-B0B3-E276AB3302DA}
	EndGlobalSection
EndGlobal
